
Microsoft Visual Studio Solution File, Format Version 12.00
# Visual Studio 2015
Project("{FAE04EC0-301F-11D3-BF4B-00C04F79EFBC}") = "PUGAT.Plugins", "PUGAT.Plugins.csproj", "{A6C1DFE1-6401-AD66-036D-830B59766053}"
EndProject
Project("{FAE04EC0-301F-11D3-BF4B-00C04F79EFBC}") = "PUGAT", "PUGAT.csproj", "{AF44275A-0A19-9DF9-79F0-A7F74E0131F5}"
EndProject
Project("{FAE04EC0-301F-11D3-BF4B-00C04F79EFBC}") = "PUGAT.Editor.Plugins", "PUGAT.Editor.Plugins.csproj", "{23316AB8-66FD-731E-7F50-3852F5FB8E6B}"
EndProject
Project("{FAE04EC0-301F-11D3-BF4B-00C04F79EFBC}") = "PUGAT.Editor", "PUGAT.Editor.csproj", "{395FB196-94CC-AD77-B9A7-839696905721}"
EndProject
Global
	GlobalSection(SolutionConfigurationPlatforms) = preSolution
		Debug|Any CPU = Debug|Any CPU
		Release|Any CPU = Release|Any CPU
	EndGlobalSection
	GlobalSection(ProjectConfigurationPlatforms) = postSolution
		{A6C1DFE1-6401-AD66-036D-830B59766053}.Debug|Any CPU.ActiveCfg = Debug|Any CPU
		{A6C1DFE1-6401-AD66-036D-830B59766053}.Debug|Any CPU.Build.0 = Debug|Any CPU
		{A6C1DFE1-6401-AD66-036D-830B59766053}.Release|Any CPU.ActiveCfg = Release|Any CPU
		{A6C1DFE1-6401-AD66-036D-830B59766053}.Release|Any CPU.Build.0 = Release|Any CPU
		{AF44275A-0A19-9DF9-79F0-A7F74E0131F5}.Debug|Any CPU.ActiveCfg = Debug|Any CPU
		{AF44275A-0A19-9DF9-79F0-A7F74E0131F5}.Debug|Any CPU.Build.0 = Debug|Any CPU
		{AF44275A-0A19-9DF9-79F0-A7F74E0131F5}.Release|Any CPU.ActiveCfg = Release|Any CPU
		{AF44275A-0A19-9DF9-79F0-A7F74E0131F5}.Release|Any CPU.Build.0 = Release|Any CPU
		{23316AB8-66FD-731E-7F50-3852F5FB8E6B}.Debug|Any CPU.ActiveCfg = Debug|Any CPU
		{23316AB8-66FD-731E-7F50-3852F5FB8E6B}.Debug|Any CPU.Build.0 = Debug|Any CPU
		{23316AB8-66FD-731E-7F50-3852F5FB8E6B}.Release|Any CPU.ActiveCfg = Release|Any CPU
		{23316AB8-66FD-731E-7F50-3852F5FB8E6B}.Release|Any CPU.Build.0 = Release|Any CPU
		{395FB196-94CC-AD77-B9A7-839696905721}.Debug|Any CPU.ActiveCfg = Debug|Any CPU
		{395FB196-94CC-AD77-B9A7-839696905721}.Debug|Any CPU.Build.0 = Debug|Any CPU
		{395FB196-94CC-AD77-B9A7-839696905721}.Release|Any CPU.ActiveCfg = Release|Any CPU
		{395FB196-94CC-AD77-B9A7-839696905721}.Release|Any CPU.Build.0 = Release|Any CPU
	EndGlobalSection
	GlobalSection(SolutionProperties) = preSolution
		HideSolutionNode = FALSE
	EndGlobalSection
EndGlobal
